// !$*UTF8*$!
{
	archiveVersion = 1;
	classes = {
	};
	objectVersion = 45;
	objects = {

/* Begin PBXBuildFile section */
		1D3623260D0F684500981E51 /* DirectMemoryAccessAppDelegate.m in Sources */ = {isa = PBXBuildFile; fileRef = 1D3623250D0F684500981E51 /* DirectMemoryAccessAppDelegate.m */; };
		1D60589B0D05DD56006BFB54 /* main.m in Sources */ = {isa = PBXBuildFile; fileRef = 29B97316FDCFA39411CA2CEA /* main.m */; };
		1D60589F0D05DD5A006BFB54 /* Foundation.framework in Frameworks */ = {isa = PBXBuildFile; fileRef = 1D30AB110D05D00D00671497 /* Foundation.framework */; };
		1DF5F4E00D08C38300B7A737 /* UIKit.framework in Frameworks */ = {isa = PBXBuildFile; fileRef = 1DF5F4DF0D08C38300B7A737 /* UIKit.framework */; };
		288765FD0DF74451002DB57D /* CoreGraphics.framework in Frameworks */ = {isa = PBXBuildFile; fileRef = 288765FC0DF74451002DB57D /* CoreGraphics.framework */; };
		28AD733F0D9D9553002E5188 /* MainWindow.xib in Resources */ = {isa = PBXBuildFile; fileRef = 28AD733E0D9D9553002E5188 /* MainWindow.xib */; };
		9335D7E610E512A1003F54B1 /* cross.png in Resources */ = {isa = PBXBuildFile; fileRef = 9335D7E310E512A1003F54B1 /* cross.png */; };
		9335D7E710E512A1003F54B1 /* plazma.png in Resources */ = {isa = PBXBuildFile; fileRef = 9335D7E410E512A1003F54B1 /* plazma.png */; };
		9335D7E810E512A1003F54B1 /* rabbit.png in Resources */ = {isa = PBXBuildFile; fileRef = 9335D7E510E512A1003F54B1 /* rabbit.png */; };
		9335D80B10E513F1003F54B1 /* stripes.png in Resources */ = {isa = PBXBuildFile; fileRef = 9335D80A10E513F1003F54B1 /* stripes.png */; };
		9335D8A210E51AF8003F54B1 /* stripes2.png in Resources */ = {isa = PBXBuildFile; fileRef = 9335D8A110E51AF8003F54B1 /* stripes2.png */; };
		9335D8AB10E51BB9003F54B1 /* stripes3.png in Resources */ = {isa = PBXBuildFile; fileRef = 9335D8AA10E51BB9003F54B1 /* stripes3.png */; };
		9335D9EB10E537B0003F54B1 /* ExampleTexturing.cpp in Sources */ = {isa = PBXBuildFile; fileRef = 9335D9EA10E537B0003F54B1 /* ExampleTexturing.cpp */; };
		9335DB2210E62A2E003F54B1 /* ExampleTexturingBasic.glsl in Resources */ = {isa = PBXBuildFile; fileRef = 9335DA8510E53CA2003F54B1 /* ExampleTexturingBasic.glsl */; };
		9335DB2310E62A2E003F54B1 /* ExampleTexturingSEM.glsl in Resources */ = {isa = PBXBuildFile; fileRef = 9335DA8F10E53D89003F54B1 /* ExampleTexturingSEM.glsl */; };
		9335DC3E10E6C03C003F54B1 /* metal.jpg in Resources */ = {isa = PBXBuildFile; fileRef = 9335DC3D10E6C03C003F54B1 /* metal.jpg */; };
		9335DC9410E6C2C4003F54B1 /* metal128.jpg in Resources */ = {isa = PBXBuildFile; fileRef = 9335DC9310E6C2C4003F54B1 /* metal128.jpg */; };
		9335DCBC10E6C463003F54B1 /* rainbow.jpg in Resources */ = {isa = PBXBuildFile; fileRef = 9335DCBB10E6C463003F54B1 /* rainbow.jpg */; };
		9335DCDB10E6C575003F54B1 /* rainbow.png in Resources */ = {isa = PBXBuildFile; fileRef = 9335DCDA10E6C575003F54B1 /* rainbow.png */; };
		9335E9F910E6D0B2003F54B1 /* Torus.cpp in Sources */ = {isa = PBXBuildFile; fileRef = 9335E9F810E6D0B2003F54B1 /* Torus.cpp */; };
		9335ED5310E7F33D003F54B1 /* ExampleTexturingSEMMetal.jpg in Resources */ = {isa = PBXBuildFile; fileRef = 9335DD9110E6CAFF003F54B1 /* ExampleTexturingSEMMetal.jpg */; };
		9335ED5510E7F34F003F54B1 /* ExampleTexturingSEMRoom.jpg in Resources */ = {isa = PBXBuildFile; fileRef = 9335D9C310E5294F003F54B1 /* ExampleTexturingSEMRoom.jpg */; };
		9335ED5610E7F36C003F54B1 /* ExampleTexturingSEMSpecularMap.jpg in Resources */ = {isa = PBXBuildFile; fileRef = 9335DC2410E6BDFB003F54B1 /* ExampleTexturingSEMSpecularMap.jpg */; };
		9335ED7010E7FB6D003F54B1 /* ExampleTexturingSEMLightProbeWarm.png in Resources */ = {isa = PBXBuildFile; fileRef = 9335ED6E10E7FB6D003F54B1 /* ExampleTexturingSEMLightProbeWarm.png */; };
		9335ED7110E7FB6D003F54B1 /* ExampleTexturingSEMLightProbeCold.png in Resources */ = {isa = PBXBuildFile; fileRef = 9335ED6F10E7FB6D003F54B1 /* ExampleTexturingSEMLightProbeCold.png */; };
		9370899E10E819D800A003B0 /* TextureCube.cpp in Sources */ = {isa = PBXBuildFile; fileRef = 9370899D10E819D800A003B0 /* TextureCube.cpp */; };
		937089B810E81BDC00A003B0 /* ExampleTexturingCubeMapping.glsl in Resources */ = {isa = PBXBuildFile; fileRef = 937089B710E81BDC00A003B0 /* ExampleTexturingCubeMapping.glsl */; };
		93708CD910E8545000A003B0 /* browar_negx.jpg in Resources */ = {isa = PBXBuildFile; fileRef = 93708CCD10E8545000A003B0 /* browar_negx.jpg */; };
		93708CDA10E8545000A003B0 /* browar_negy.jpg in Resources */ = {isa = PBXBuildFile; fileRef = 93708CCE10E8545000A003B0 /* browar_negy.jpg */; };
		93708CDB10E8545000A003B0 /* browar_negz.jpg in Resources */ = {isa = PBXBuildFile; fileRef = 93708CCF10E8545000A003B0 /* browar_negz.jpg */; };
		93708CDC10E8545000A003B0 /* browar_posx.jpg in Resources */ = {isa = PBXBuildFile; fileRef = 93708CD010E8545000A003B0 /* browar_posx.jpg */; };
		93708CDD10E8545000A003B0 /* browar_posy.jpg in Resources */ = {isa = PBXBuildFile; fileRef = 93708CD110E8545000A003B0 /* browar_posy.jpg */; };
		93708CDE10E8545000A003B0 /* browar_posz.jpg in Resources */ = {isa = PBXBuildFile; fileRef = 93708CD210E8545000A003B0 /* browar_posz.jpg */; };
		93B08FD310E4CF08002FF7E9 /* LutDistort.cpp in Sources */ = {isa = PBXBuildFile; fileRef = 93B08FD210E4CF08002FF7E9 /* LutDistort.cpp */; };
		93B08FEA10E4CFF4002FF7E9 /* basic.glsl in Resources */ = {isa = PBXBuildFile; fileRef = 93F1582610E138C300DC5171 /* basic.glsl */; };
		93B08FEB10E4CFF4002FF7E9 /* basicTexture.glsl in Resources */ = {isa = PBXBuildFile; fileRef = 93F1582710E138C300DC5171 /* basicTexture.glsl */; };
		93B08FEC10E4CFF4002FF7E9 /* basicTransform.glsl in Resources */ = {isa = PBXBuildFile; fileRef = 93F1582810E138C300DC5171 /* basicTransform.glsl */; };
		93B08FED10E4CFF4002FF7E9 /* lutDistort.glsl in Resources */ = {isa = PBXBuildFile; fileRef = 9310566410E4CDF400CA29D7 /* lutDistort.glsl */; };
		93B08FEE10E4CFF4002FF7E9 /* raytracedTunnel.glsl in Resources */ = {isa = PBXBuildFile; fileRef = 93E5930610E2819D0096F258 /* raytracedTunnel.glsl */; };
		93B0913310E4D39C002FF7E9 /* clouds_mirror.png in Resources */ = {isa = PBXBuildFile; fileRef = 93B0913110E4D392002FF7E9 /* clouds_mirror.png */; };
		93BF4DF610F0B48800807231 /* ExampleProjectiveTexturing.cpp in Sources */ = {isa = PBXBuildFile; fileRef = 93BF4DF510F0B48800807231 /* ExampleProjectiveTexturing.cpp */; };
		93BF4DFB10F0B68600807231 /* EmptyExample.cpp in Sources */ = {isa = PBXBuildFile; fileRef = 93BF4DFA10F0B68600807231 /* EmptyExample.cpp */; };
		93BF4E1010F0B8AC00807231 /* ExampleLighting.cpp in Sources */ = {isa = PBXBuildFile; fileRef = 93BF4E0F10F0B8AC00807231 /* ExampleLighting.cpp */; };
		93BF4E1A10F0C1B400807231 /* ExampleLightingPointLight.glsl in Resources */ = {isa = PBXBuildFile; fileRef = 93BF4E1910F0C1AF00807231 /* ExampleLightingPointLight.glsl */; };
		93BF4E6210F0C7F100807231 /* ExampleLightingSolidColor.glsl in Resources */ = {isa = PBXBuildFile; fileRef = 93BF4E6110F0C7EB00807231 /* ExampleLightingSolidColor.glsl */; };
		93BF4EC710F0D38F00807231 /* Geometry.cpp in Sources */ = {isa = PBXBuildFile; fileRef = 93BF4EC610F0D38E00807231 /* Geometry.cpp */; };
		93BF4F4110F0DC3D00807231 /* ExampleLightingPointLight2.glsl in Resources */ = {isa = PBXBuildFile; fileRef = 93BF4F2F10F0DAC900807231 /* ExampleLightingPointLight2.glsl */; };
		93BF507D10F0EAFA00807231 /* ExampleLighingPointLightEyeSpace.glsl in Resources */ = {isa = PBXBuildFile; fileRef = 93BF505010F0E84600807231 /* ExampleLighingPointLightEyeSpace.glsl */; };
		93D11ACB10FE7083004308AA /* Adalaj.cpp in Sources */ = {isa = PBXBuildFile; fileRef = 93D11ACA10FE7083004308AA /* Adalaj.cpp */; };
		93D11AFC10FE78BC004308AA /* AdalajStone.glsl in Resources */ = {isa = PBXBuildFile; fileRef = 93D11ACC10FE7728004308AA /* AdalajStone.glsl */; };
		93E5930510E27F5F0096F258 /* RaytracedTunnel.cpp in Sources */ = {isa = PBXBuildFile; fileRef = 93E5930410E27F5F0096F258 /* RaytracedTunnel.cpp */; };
		93F1581A10E138B400DC5171 /* GLView.mm in Sources */ = {isa = PBXBuildFile; fileRef = 93F1581610E138B400DC5171 /* GLView.mm */; };
		93F1581B10E138B400DC5171 /* GLViewController.m in Sources */ = {isa = PBXBuildFile; fileRef = 93F1581810E138B400DC5171 /* GLViewController.m */; };
		93F1582910E138C300DC5171 /* DirectMemoryAccess.cpp in Sources */ = {isa = PBXBuildFile; fileRef = 93F1581D10E138C300DC5171 /* DirectMemoryAccess.cpp */; };
		93F1582A10E138C300DC5171 /* DistortedSphere.cpp in Sources */ = {isa = PBXBuildFile; fileRef = 93F1581F10E138C300DC5171 /* DistortedSphere.cpp */; };
		93F1582B10E138C300DC5171 /* GLApp.cpp in Sources */ = {isa = PBXBuildFile; fileRef = 93F1582210E138C300DC5171 /* GLApp.cpp */; };
		93F1597110E13DFA00DC5171 /* Sphere.cpp in Sources */ = {isa = PBXBuildFile; fileRef = 93F1594310E13DFA00DC5171 /* Sphere.cpp */; };
		93F1597210E13DFA00DC5171 /* Shader.cpp in Sources */ = {isa = PBXBuildFile; fileRef = 93F1594810E13DFA00DC5171 /* Shader.cpp */; };
		93F1597310E13DFA00DC5171 /* Texture2D.cpp in Sources */ = {isa = PBXBuildFile; fileRef = 93F1594A10E13DFA00DC5171 /* Texture2D.cpp */; };
		93F1597410E13DFA00DC5171 /* VertexStream.cpp in Sources */ = {isa = PBXBuildFile; fileRef = 93F1594C10E13DFA00DC5171 /* VertexStream.cpp */; };
		93F1597510E13DFA00DC5171 /* Mat.cpp in Sources */ = {isa = PBXBuildFile; fileRef = 93F1595010E13DFA00DC5171 /* Mat.cpp */; };
		93F1597610E13DFA00DC5171 /* MathUtils.cpp in Sources */ = {isa = PBXBuildFile; fileRef = 93F1595310E13DFA00DC5171 /* MathUtils.cpp */; };
		93F1597710E13DFA00DC5171 /* Vec.cpp in Sources */ = {isa = PBXBuildFile; fileRef = 93F1595510E13DFA00DC5171 /* Vec.cpp */; };
		93F1597F10E13DFA00DC5171 /* Utils.cpp in Sources */ = {isa = PBXBuildFile; fileRef = 93F1596F10E13DFA00DC5171 /* Utils.cpp */; };
		93F15AF710E140F900DC5171 /* OpenGLES.framework in Frameworks */ = {isa = PBXBuildFile; fileRef = 93F15AF610E140F900DC5171 /* OpenGLES.framework */; };
		93F15AFC10E1410800DC5171 /* QuartzCore.framework in Frameworks */ = {isa = PBXBuildFile; fileRef = 93F15AFB10E1410800DC5171 /* QuartzCore.framework */; };
		93FB259A10EBA8920015569E /* ExampleRenderToCubeMap.cpp in Sources */ = {isa = PBXBuildFile; fileRef = 93FB259910EBA8920015569E /* ExampleRenderToCubeMap.cpp */; };
		93FB262F10EBD7800015569E /* ExampleRenderToCubeMapScene.glsl in Resources */ = {isa = PBXBuildFile; fileRef = 93FB261B10EBD61E0015569E /* ExampleRenderToCubeMapScene.glsl */; };
		93FB264E10EBD9290015569E /* ExampleRenderToCubeMapReflection.glsl in Resources */ = {isa = PBXBuildFile; fileRef = 93FB264510EBD8B50015569E /* ExampleRenderToCubeMapReflection.glsl */; };
		93FB278610EBF2890015569E /* HappyNewYear2010.cpp in Sources */ = {isa = PBXBuildFile; fileRef = 93FB278510EBF2890015569E /* HappyNewYear2010.cpp */; };
		93FB279910EBF3310015569E /* HappyNewYear2010Scene.glsl in Resources */ = {isa = PBXBuildFile; fileRef = 93FB279510EBF30C0015569E /* HappyNewYear2010Scene.glsl */; };
		93FB279A10EBF3310015569E /* HappyNewYear2010Reflection.glsl in Resources */ = {isa = PBXBuildFile; fileRef = 93FB279610EBF31E0015569E /* HappyNewYear2010Reflection.glsl */; };
		93FB285710EBFEAE0015569E /* Plane.cpp in Sources */ = {isa = PBXBuildFile; fileRef = 93FB285610EBFEAE0015569E /* Plane.cpp */; };
		93FB29A810EC18090015569E /* Cube.cpp in Sources */ = {isa = PBXBuildFile; fileRef = 93FB29A710EC18090015569E /* Cube.cpp */; };
		93FB2B3B10ECA0EB0015569E /* HappyNewYear2010Bg.glsl in Resources */ = {isa = PBXBuildFile; fileRef = 93FB2B3A10ECA0E10015569E /* HappyNewYear2010Bg.glsl */; };
		93FB2C1E10EE79F50015569E /* numsky_negx.png in Resources */ = {isa = PBXBuildFile; fileRef = 93FB2C1210EE79F40015569E /* numsky_negx.png */; };
		93FB2C1F10EE79F50015569E /* numsky_negy.png in Resources */ = {isa = PBXBuildFile; fileRef = 93FB2C1310EE79F40015569E /* numsky_negy.png */; };
		93FB2C2010EE79F50015569E /* numsky_negz.png in Resources */ = {isa = PBXBuildFile; fileRef = 93FB2C1410EE79F40015569E /* numsky_negz.png */; };
		93FB2C2110EE79F50015569E /* numsky_posx.png in Resources */ = {isa = PBXBuildFile; fileRef = 93FB2C1510EE79F40015569E /* numsky_posx.png */; };
		93FB2C2210EE79F50015569E /* numsky_posy.png in Resources */ = {isa = PBXBuildFile; fileRef = 93FB2C1610EE79F40015569E /* numsky_posy.png */; };
		93FB2C2310EE79F50015569E /* numsky_posz.png in Resources */ = {isa = PBXBuildFile; fileRef = 93FB2C1710EE79F40015569E /* numsky_posz.png */; };
		93FB2C2410EE79F50015569E /* sky_negx.png in Resources */ = {isa = PBXBuildFile; fileRef = 93FB2C1810EE79F40015569E /* sky_negx.png */; };
		93FB2C2510EE79F50015569E /* sky_negy.png in Resources */ = {isa = PBXBuildFile; fileRef = 93FB2C1910EE79F40015569E /* sky_negy.png */; };
		93FB2C2610EE79F50015569E /* sky_negz.png in Resources */ = {isa = PBXBuildFile; fileRef = 93FB2C1A10EE79F50015569E /* sky_negz.png */; };
		93FB2C2710EE79F50015569E /* sky_posx.png in Resources */ = {isa = PBXBuildFile; fileRef = 93FB2C1B10EE79F50015569E /* sky_posx.png */; };
		93FB2C2810EE79F50015569E /* sky_posy.png in Resources */ = {isa = PBXBuildFile; fileRef = 93FB2C1C10EE79F50015569E /* sky_posy.png */; };
		93FB2C2910EE79F50015569E /* sky_posz.png in Resources */ = {isa = PBXBuildFile; fileRef = 93FB2C1D10EE79F50015569E /* sky_posz.png */; };
		93FB2D7D10EEB3530015569E /* overlay.png in Resources */ = {isa = PBXBuildFile; fileRef = 93FB2D7C10EEB3520015569E /* overlay.png */; };
		93FB2D8010EEB3900015569E /* FullScreenQuad.cpp in Sources */ = {isa = PBXBuildFile; fileRef = 93FB2D7F10EEB3900015569E /* FullScreenQuad.cpp */; };
		93FB2D9310EEB7890015569E /* FullScreenQuad.glsl in Resources */ = {isa = PBXBuildFile; fileRef = 93FB2D8310EEB6470015569E /* FullScreenQuad.glsl */; };
/* End PBXBuildFile section */

/* Begin PBXFileReference section */
		1D30AB110D05D00D00671497 /* Foundation.framework */ = {isa = PBXFileReference; lastKnownFileType = wrapper.framework; name = Foundation.framework; path = System/Library/Frameworks/Foundation.framework; sourceTree = SDKROOT; };
		1D3623240D0F684500981E51 /* DirectMemoryAccessAppDelegate.h */ = {isa = PBXFileReference; fileEncoding = 4; lastKnownFileType = sourcecode.c.h; path = DirectMemoryAccessAppDelegate.h; sourceTree = "<group>"; };
		1D3623250D0F684500981E51 /* DirectMemoryAccessAppDelegate.m */ = {isa = PBXFileReference; fileEncoding = 4; lastKnownFileType = sourcecode.c.objc; path = DirectMemoryAccessAppDelegate.m; sourceTree = "<group>"; };
		1D6058910D05DD3D006BFB54 /* DirectMemoryAccess.app */ = {isa = PBXFileReference; explicitFileType = wrapper.application; includeInIndex = 0; path = DirectMemoryAccess.app; sourceTree = BUILT_PRODUCTS_DIR; };
		1DF5F4DF0D08C38300B7A737 /* UIKit.framework */ = {isa = PBXFileReference; lastKnownFileType = wrapper.framework; name = UIKit.framework; path = System/Library/Frameworks/UIKit.framework; sourceTree = SDKROOT; };
		288765FC0DF74451002DB57D /* CoreGraphics.framework */ = {isa = PBXFileReference; lastKnownFileType = wrapper.framework; name = CoreGraphics.framework; path = System/Library/Frameworks/CoreGraphics.framework; sourceTree = SDKROOT; };
		28AD733E0D9D9553002E5188 /* MainWindow.xib */ = {isa = PBXFileReference; lastKnownFileType = file.xib; path = MainWindow.xib; sourceTree = "<group>"; };
		29B97316FDCFA39411CA2CEA /* main.m */ = {isa = PBXFileReference; fileEncoding = 4; lastKnownFileType = sourcecode.c.objc; path = main.m; sourceTree = "<group>"; };
		32CA4F630368D1EE00C91783 /* DirectMemoryAccess_Prefix.pch */ = {isa = PBXFileReference; fileEncoding = 4; lastKnownFileType = sourcecode.c.h; path = DirectMemoryAccess_Prefix.pch; sourceTree = "<group>"; };
		8D1107310486CEB800E47090 /* DirectMemoryAccess-Info.plist */ = {isa = PBXFileReference; fileEncoding = 4; lastKnownFileType = text.plist.xml; path = "DirectMemoryAccess-Info.plist"; plistStructureDefinitionIdentifier = "com.apple.xcode.plist.structure-definition.iphone.info-plist"; sourceTree = "<group>"; };
		9310566410E4CDF400CA29D7 /* lutDistort.glsl */ = {isa = PBXFileReference; fileEncoding = 4; lastKnownFileType = text; path = lutDistort.glsl; sourceTree = "<group>"; };
		9335D7E310E512A1003F54B1 /* cross.png */ = {isa = PBXFileReference; lastKnownFileType = image.png; path = cross.png; sourceTree = "<group>"; };
		9335D7E410E512A1003F54B1 /* plazma.png */ = {isa = PBXFileReference; lastKnownFileType = image.png; path = plazma.png; sourceTree = "<group>"; };
		9335D7E510E512A1003F54B1 /* rabbit.png */ = {isa = PBXFileReference; lastKnownFileType = image.png; path = rabbit.png; sourceTree = "<group>"; };
		9335D80A10E513F1003F54B1 /* stripes.png */ = {isa = PBXFileReference; lastKnownFileType = image.png; path = stripes.png; sourceTree = "<group>"; };
		9335D8A110E51AF8003F54B1 /* stripes2.png */ = {isa = PBXFileReference; lastKnownFileType = image.png; path = stripes2.png; sourceTree = "<group>"; };
		9335D8AA10E51BB9003F54B1 /* stripes3.png */ = {isa = PBXFileReference; lastKnownFileType = image.png; path = stripes3.png; sourceTree = "<group>"; };
		9335D9C310E5294F003F54B1 /* ExampleTexturingSEMRoom.jpg */ = {isa = PBXFileReference; lastKnownFileType = image.jpeg; path = ExampleTexturingSEMRoom.jpg; sourceTree = "<group>"; };
		9335D9E910E537B0003F54B1 /* ExampleTexturing.h */ = {isa = PBXFileReference; fileEncoding = 4; lastKnownFileType = sourcecode.c.h; path = ExampleTexturing.h; sourceTree = "<group>"; };
		9335D9EA10E537B0003F54B1 /* ExampleTexturing.cpp */ = {isa = PBXFileReference; fileEncoding = 4; lastKnownFileType = sourcecode.cpp.cpp; path = ExampleTexturing.cpp; sourceTree = "<group>"; };
		9335DA8510E53CA2003F54B1 /* ExampleTexturingBasic.glsl */ = {isa = PBXFileReference; fileEncoding = 4; lastKnownFileType = text; path = ExampleTexturingBasic.glsl; sourceTree = "<group>"; xcLanguageSpecificationIdentifier = xcode.lang.glsl; };
		9335DA8F10E53D89003F54B1 /* ExampleTexturingSEM.glsl */ = {isa = PBXFileReference; fileEncoding = 4; lastKnownFileType = text; path = ExampleTexturingSEM.glsl; sourceTree = "<group>"; xcLanguageSpecificationIdentifier = xcode.lang.glsl; };
		9335DC2410E6BDFB003F54B1 /* ExampleTexturingSEMSpecularMap.jpg */ = {isa = PBXFileReference; lastKnownFileType = image.jpeg; path = ExampleTexturingSEMSpecularMap.jpg; sourceTree = "<group>"; };
		9335DC3D10E6C03C003F54B1 /* metal.jpg */ = {isa = PBXFileReference; lastKnownFileType = image.jpeg; path = metal.jpg; sourceTree = "<group>"; };
		9335DC9310E6C2C4003F54B1 /* metal128.jpg */ = {isa = PBXFileReference; lastKnownFileType = image.jpeg; path = metal128.jpg; sourceTree = "<group>"; };
		9335DCBB10E6C463003F54B1 /* rainbow.jpg */ = {isa = PBXFileReference; lastKnownFileType = image.jpeg; path = rainbow.jpg; sourceTree = "<group>"; };
		9335DCDA10E6C575003F54B1 /* rainbow.png */ = {isa = PBXFileReference; lastKnownFileType = image.png; path = rainbow.png; sourceTree = "<group>"; };
		9335DD9110E6CAFF003F54B1 /* ExampleTexturingSEMMetal.jpg */ = {isa = PBXFileReference; lastKnownFileType = image.jpeg; path = ExampleTexturingSEMMetal.jpg; sourceTree = "<group>"; };
		9335E9F710E6D0B2003F54B1 /* Torus.h */ = {isa = PBXFileReference; fileEncoding = 4; lastKnownFileType = sourcecode.c.h; path = Torus.h; sourceTree = "<group>"; };
		9335E9F810E6D0B2003F54B1 /* Torus.cpp */ = {isa = PBXFileReference; fileEncoding = 4; lastKnownFileType = sourcecode.cpp.cpp; path = Torus.cpp; sourceTree = "<group>"; };
		9335ED6E10E7FB6D003F54B1 /* ExampleTexturingSEMLightProbeWarm.png */ = {isa = PBXFileReference; lastKnownFileType = image.png; path = ExampleTexturingSEMLightProbeWarm.png; sourceTree = "<group>"; };
		9335ED6F10E7FB6D003F54B1 /* ExampleTexturingSEMLightProbeCold.png */ = {isa = PBXFileReference; lastKnownFileType = image.png; path = ExampleTexturingSEMLightProbeCold.png; sourceTree = "<group>"; };
		93707BE410E8136800A003B0 /* copy */ = {isa = PBXFileReference; lastKnownFileType = folder; name = copy; path = ../../copy; sourceTree = SOURCE_ROOT; };
		9370896F10E8190200A003B0 /* Texture.h */ = {isa = PBXFileReference; fileEncoding = 4; lastKnownFileType = sourcecode.c.h; path = Texture.h; sourceTree = "<group>"; };
		9370899C10E819D800A003B0 /* TextureCube.h */ = {isa = PBXFileReference; fileEncoding = 4; lastKnownFileType = sourcecode.c.h; path = TextureCube.h; sourceTree = "<group>"; };
		9370899D10E819D800A003B0 /* TextureCube.cpp */ = {isa = PBXFileReference; fileEncoding = 4; lastKnownFileType = sourcecode.cpp.cpp; path = TextureCube.cpp; sourceTree = "<group>"; };
		937089B710E81BDC00A003B0 /* ExampleTexturingCubeMapping.glsl */ = {isa = PBXFileReference; fileEncoding = 4; lastKnownFileType = text; path = ExampleTexturingCubeMapping.glsl; sourceTree = "<group>"; xcLanguageSpecificationIdentifier = xcode.lang.glsl; };
		93708CCD10E8545000A003B0 /* browar_negx.jpg */ = {isa = PBXFileReference; lastKnownFileType = image.jpeg; path = browar_negx.jpg; sourceTree = "<group>"; };
		93708CCE10E8545000A003B0 /* browar_negy.jpg */ = {isa = PBXFileReference; lastKnownFileType = image.jpeg; path = browar_negy.jpg; sourceTree = "<group>"; };
		93708CCF10E8545000A003B0 /* browar_negz.jpg */ = {isa = PBXFileReference; lastKnownFileType = image.jpeg; path = browar_negz.jpg; sourceTree = "<group>"; };
		93708CD010E8545000A003B0 /* browar_posx.jpg */ = {isa = PBXFileReference; lastKnownFileType = image.jpeg; path = browar_posx.jpg; sourceTree = "<group>"; };
		93708CD110E8545000A003B0 /* browar_posy.jpg */ = {isa = PBXFileReference; lastKnownFileType = image.jpeg; path = browar_posy.jpg; sourceTree = "<group>"; };
		93708CD210E8545000A003B0 /* browar_posz.jpg */ = {isa = PBXFileReference; lastKnownFileType = image.jpeg; path = browar_posz.jpg; sourceTree = "<group>"; };
		93B08FD110E4CF08002FF7E9 /* LutDistort.h */ = {isa = PBXFileReference; fileEncoding = 4; lastKnownFileType = sourcecode.c.h; path = LutDistort.h; sourceTree = "<group>"; };
		93B08FD210E4CF08002FF7E9 /* LutDistort.cpp */ = {isa = PBXFileReference; fileEncoding = 4; lastKnownFileType = sourcecode.cpp.cpp; path = LutDistort.cpp; sourceTree = "<group>"; };
		93B0913110E4D392002FF7E9 /* clouds_mirror.png */ = {isa = PBXFileReference; lastKnownFileType = image.png; path = clouds_mirror.png; sourceTree = "<group>"; };
		93BF4DF410F0B48800807231 /* ExampleProjectiveTexturing.h */ = {isa = PBXFileReference; fileEncoding = 4; lastKnownFileType = sourcecode.c.h; path = ExampleProjectiveTexturing.h; sourceTree = "<group>"; };
		93BF4DF510F0B48800807231 /* ExampleProjectiveTexturing.cpp */ = {isa = PBXFileReference; fileEncoding = 4; lastKnownFileType = sourcecode.cpp.cpp; path = ExampleProjectiveTexturing.cpp; sourceTree = "<group>"; };
		93BF4DF910F0B68600807231 /* EmptyExample.h */ = {isa = PBXFileReference; fileEncoding = 4; lastKnownFileType = sourcecode.c.h; path = EmptyExample.h; sourceTree = "<group>"; };
		93BF4DFA10F0B68600807231 /* EmptyExample.cpp */ = {isa = PBXFileReference; fileEncoding = 4; lastKnownFileType = sourcecode.cpp.cpp; path = EmptyExample.cpp; sourceTree = "<group>"; };
		93BF4E0E10F0B8AC00807231 /* ExampleLighting.h */ = {isa = PBXFileReference; fileEncoding = 4; lastKnownFileType = sourcecode.c.h; path = ExampleLighting.h; sourceTree = "<group>"; };
		93BF4E0F10F0B8AC00807231 /* ExampleLighting.cpp */ = {isa = PBXFileReference; fileEncoding = 4; lastKnownFileType = sourcecode.cpp.cpp; path = ExampleLighting.cpp; sourceTree = "<group>"; };
		93BF4E1910F0C1AF00807231 /* ExampleLightingPointLight.glsl */ = {isa = PBXFileReference; fileEncoding = 4; lastKnownFileType = text; path = ExampleLightingPointLight.glsl; sourceTree = "<group>"; xcLanguageSpecificationIdentifier = xcode.lang.glsl; };
		93BF4E6110F0C7EB00807231 /* ExampleLightingSolidColor.glsl */ = {isa = PBXFileReference; fileEncoding = 4; lastKnownFileType = text; path = ExampleLightingSolidColor.glsl; sourceTree = "<group>"; };
		93BF4EC610F0D38E00807231 /* Geometry.cpp */ = {isa = PBXFileReference; fileEncoding = 4; lastKnownFileType = sourcecode.cpp.cpp; path = Geometry.cpp; sourceTree = "<group>"; };
		93BF4F2F10F0DAC900807231 /* ExampleLightingPointLight2.glsl */ = {isa = PBXFileReference; fileEncoding = 4; lastKnownFileType = text; path = ExampleLightingPointLight2.glsl; sourceTree = "<group>"; xcLanguageSpecificationIdentifier = xcode.lang.glsl; };
		93BF505010F0E84600807231 /* ExampleLighingPointLightEyeSpace.glsl */ = {isa = PBXFileReference; fileEncoding = 4; lastKnownFileType = text; path = ExampleLighingPointLightEyeSpace.glsl; sourceTree = "<group>"; xcLanguageSpecificationIdentifier = xcode.lang.glsl; };
		93D11AC910FE7083004308AA /* Adalaj.h */ = {isa = PBXFileReference; fileEncoding = 4; lastKnownFileType = sourcecode.c.h; path = Adalaj.h; sourceTree = "<group>"; };
		93D11ACA10FE7083004308AA /* Adalaj.cpp */ = {isa = PBXFileReference; fileEncoding = 4; lastKnownFileType = sourcecode.cpp.cpp; path = Adalaj.cpp; sourceTree = "<group>"; };
		93D11ACC10FE7728004308AA /* AdalajStone.glsl */ = {isa = PBXFileReference; fileEncoding = 4; lastKnownFileType = text; path = AdalajStone.glsl; sourceTree = "<group>"; xcLanguageSpecificationIdentifier = xcode.lang.glsl; };
		93E5930310E27F5F0096F258 /* RaytracedTunnel.h */ = {isa = PBXFileReference; fileEncoding = 4; lastKnownFileType = sourcecode.c.h; path = RaytracedTunnel.h; sourceTree = "<group>"; };
		93E5930410E27F5F0096F258 /* RaytracedTunnel.cpp */ = {isa = PBXFileReference; fileEncoding = 4; lastKnownFileType = sourcecode.cpp.cpp; path = RaytracedTunnel.cpp; sourceTree = "<group>"; };
		93E5930610E2819D0096F258 /* raytracedTunnel.glsl */ = {isa = PBXFileReference; fileEncoding = 4; lastKnownFileType = text; path = raytracedTunnel.glsl; sourceTree = "<group>"; };
		93F1581510E138B400DC5171 /* GLView.h */ = {isa = PBXFileReference; fileEncoding = 4; lastKnownFileType = sourcecode.c.h; path = GLView.h; sourceTree = "<group>"; };
		93F1581610E138B400DC5171 /* GLView.mm */ = {isa = PBXFileReference; fileEncoding = 4; lastKnownFileType = sourcecode.cpp.objcpp; path = GLView.mm; sourceTree = "<group>"; };
		93F1581710E138B400DC5171 /* GLViewController.h */ = {isa = PBXFileReference; fileEncoding = 4; lastKnownFileType = sourcecode.c.h; path = GLViewController.h; sourceTree = "<group>"; };
		93F1581810E138B400DC5171 /* GLViewController.m */ = {isa = PBXFileReference; fileEncoding = 4; lastKnownFileType = sourcecode.c.objc; path = GLViewController.m; sourceTree = "<group>"; };
		93F1581D10E138C300DC5171 /* DirectMemoryAccess.cpp */ = {isa = PBXFileReference; fileEncoding = 4; lastKnownFileType = sourcecode.cpp.cpp; path = DirectMemoryAccess.cpp; sourceTree = "<group>"; };
		93F1581E10E138C300DC5171 /* DirectMemoryAccess.h */ = {isa = PBXFileReference; fileEncoding = 4; lastKnownFileType = sourcecode.c.h; path = DirectMemoryAccess.h; sourceTree = "<group>"; };
		93F1581F10E138C300DC5171 /* DistortedSphere.cpp */ = {isa = PBXFileReference; fileEncoding = 4; lastKnownFileType = sourcecode.cpp.cpp; path = DistortedSphere.cpp; sourceTree = "<group>"; };
		93F1582010E138C300DC5171 /* DistortedSphere.h */ = {isa = PBXFileReference; fileEncoding = 4; lastKnownFileType = sourcecode.c.h; path = DistortedSphere.h; sourceTree = "<group>"; };
		93F1582110E138C300DC5171 /* Effect.h */ = {isa = PBXFileReference; fileEncoding = 4; lastKnownFileType = sourcecode.c.h; path = Effect.h; sourceTree = "<group>"; };
		93F1582210E138C300DC5171 /* GLApp.cpp */ = {isa = PBXFileReference; fileEncoding = 4; lastKnownFileType = sourcecode.cpp.cpp; path = GLApp.cpp; sourceTree = "<group>"; };
		93F1582310E138C300DC5171 /* GLApp.h */ = {isa = PBXFileReference; fileEncoding = 4; lastKnownFileType = sourcecode.c.h; path = GLApp.h; sourceTree = "<group>"; };
		93F1582610E138C300DC5171 /* basic.glsl */ = {isa = PBXFileReference; fileEncoding = 4; lastKnownFileType = text; path = basic.glsl; sourceTree = "<group>"; };
		93F1582710E138C300DC5171 /* basicTexture.glsl */ = {isa = PBXFileReference; fileEncoding = 4; lastKnownFileType = text; path = basicTexture.glsl; sourceTree = "<group>"; };
		93F1582810E138C300DC5171 /* basicTransform.glsl */ = {isa = PBXFileReference; fileEncoding = 4; lastKnownFileType = text; path = basicTransform.glsl; sourceTree = "<group>"; };
		93F1594210E13DFA00DC5171 /* Geometry.h */ = {isa = PBXFileReference; fileEncoding = 4; lastKnownFileType = sourcecode.c.h; path = Geometry.h; sourceTree = "<group>"; };
		93F1594310E13DFA00DC5171 /* Sphere.cpp */ = {isa = PBXFileReference; fileEncoding = 4; lastKnownFileType = sourcecode.cpp.cpp; path = Sphere.cpp; sourceTree = "<group>"; };
		93F1594410E13DFA00DC5171 /* Sphere.h */ = {isa = PBXFileReference; fileEncoding = 4; lastKnownFileType = sourcecode.c.h; path = Sphere.h; sourceTree = "<group>"; };
		93F1594610E13DFA00DC5171 /* DataType.h */ = {isa = PBXFileReference; fileEncoding = 4; lastKnownFileType = sourcecode.c.h; path = DataType.h; sourceTree = "<group>"; };
		93F1594710E13DFA00DC5171 /* Graphics.h */ = {isa = PBXFileReference; fileEncoding = 4; lastKnownFileType = sourcecode.c.h; path = Graphics.h; sourceTree = "<group>"; };
		93F1594810E13DFA00DC5171 /* Shader.cpp */ = {isa = PBXFileReference; fileEncoding = 4; lastKnownFileType = sourcecode.cpp.cpp; path = Shader.cpp; sourceTree = "<group>"; };
		93F1594910E13DFA00DC5171 /* Shader.h */ = {isa = PBXFileReference; fileEncoding = 4; lastKnownFileType = sourcecode.c.h; path = Shader.h; sourceTree = "<group>"; };
		93F1594A10E13DFA00DC5171 /* Texture2D.cpp */ = {isa = PBXFileReference; fileEncoding = 4; lastKnownFileType = sourcecode.cpp.cpp; path = Texture2D.cpp; sourceTree = "<group>"; };
		93F1594B10E13DFA00DC5171 /* Texture2D.h */ = {isa = PBXFileReference; fileEncoding = 4; lastKnownFileType = sourcecode.c.h; path = Texture2D.h; sourceTree = "<group>"; };
		93F1594C10E13DFA00DC5171 /* VertexStream.cpp */ = {isa = PBXFileReference; fileEncoding = 4; lastKnownFileType = sourcecode.cpp.cpp; path = VertexStream.cpp; sourceTree = "<group>"; };
		93F1594D10E13DFA00DC5171 /* VertexStream.h */ = {isa = PBXFileReference; fileEncoding = 4; lastKnownFileType = sourcecode.c.h; path = VertexStream.h; sourceTree = "<group>"; };
		93F1594F10E13DFA00DC5171 /* Dimensions.h */ = {isa = PBXFileReference; fileEncoding = 4; lastKnownFileType = sourcecode.c.h; path = Dimensions.h; sourceTree = "<group>"; };
		93F1595010E13DFA00DC5171 /* Mat.cpp */ = {isa = PBXFileReference; fileEncoding = 4; lastKnownFileType = sourcecode.cpp.cpp; path = Mat.cpp; sourceTree = "<group>"; };
		93F1595110E13DFA00DC5171 /* Mat.h */ = {isa = PBXFileReference; fileEncoding = 4; lastKnownFileType = sourcecode.c.h; path = Mat.h; sourceTree = "<group>"; };
		93F1595210E13DFA00DC5171 /* MathLib.h */ = {isa = PBXFileReference; fileEncoding = 4; lastKnownFileType = sourcecode.c.h; path = MathLib.h; sourceTree = "<group>"; };
		93F1595310E13DFA00DC5171 /* MathUtils.cpp */ = {isa = PBXFileReference; fileEncoding = 4; lastKnownFileType = sourcecode.cpp.cpp; path = MathUtils.cpp; sourceTree = "<group>"; };
		93F1595410E13DFA00DC5171 /* MathUtils.h */ = {isa = PBXFileReference; fileEncoding = 4; lastKnownFileType = sourcecode.c.h; path = MathUtils.h; sourceTree = "<group>"; };
		93F1595510E13DFA00DC5171 /* Vec.cpp */ = {isa = PBXFileReference; fileEncoding = 4; lastKnownFileType = sourcecode.cpp.cpp; path = Vec.cpp; sourceTree = "<group>"; };
		93F1595610E13DFA00DC5171 /* Vec.h */ = {isa = PBXFileReference; fileEncoding = 4; lastKnownFileType = sourcecode.c.h; path = Vec.h; sourceTree = "<group>"; };
		93F1596C10E13DFA00DC5171 /* OS.h */ = {isa = PBXFileReference; fileEncoding = 4; lastKnownFileType = sourcecode.c.h; path = OS.h; sourceTree = "<group>"; };
		93F1596D10E13DFA00DC5171 /* Timer.h */ = {isa = PBXFileReference; fileEncoding = 4; lastKnownFileType = sourcecode.c.h; path = Timer.h; sourceTree = "<group>"; };
		93F1596F10E13DFA00DC5171 /* Utils.cpp */ = {isa = PBXFileReference; fileEncoding = 4; lastKnownFileType = sourcecode.cpp.cpp; path = Utils.cpp; sourceTree = "<group>"; };
		93F1597010E13DFA00DC5171 /* Utils.h */ = {isa = PBXFileReference; fileEncoding = 4; lastKnownFileType = sourcecode.c.h; path = Utils.h; sourceTree = "<group>"; };
		93F15AF610E140F900DC5171 /* OpenGLES.framework */ = {isa = PBXFileReference; lastKnownFileType = wrapper.framework; name = OpenGLES.framework; path = System/Library/Frameworks/OpenGLES.framework; sourceTree = SDKROOT; };
		93F15AFB10E1410800DC5171 /* QuartzCore.framework */ = {isa = PBXFileReference; lastKnownFileType = wrapper.framework; name = QuartzCore.framework; path = System/Library/Frameworks/QuartzCore.framework; sourceTree = SDKROOT; };
		93FB259810EBA8920015569E /* ExampleRenderToCubeMap.h */ = {isa = PBXFileReference; fileEncoding = 4; lastKnownFileType = sourcecode.c.h; path = ExampleRenderToCubeMap.h; sourceTree = "<group>"; };
		93FB259910EBA8920015569E /* ExampleRenderToCubeMap.cpp */ = {isa = PBXFileReference; fileEncoding = 4; lastKnownFileType = sourcecode.cpp.cpp; path = ExampleRenderToCubeMap.cpp; sourceTree = "<group>"; };
		93FB261B10EBD61E0015569E /* ExampleRenderToCubeMapScene.glsl */ = {isa = PBXFileReference; fileEncoding = 4; lastKnownFileType = text; path = ExampleRenderToCubeMapScene.glsl; sourceTree = "<group>"; };
		93FB264510EBD8B50015569E /* ExampleRenderToCubeMapReflection.glsl */ = {isa = PBXFileReference; fileEncoding = 4; lastKnownFileType = text; path = ExampleRenderToCubeMapReflection.glsl; sourceTree = "<group>"; xcLanguageSpecificationIdentifier = xcode.lang.glsl; };
		93FB278410EBF2890015569E /* HappyNewYear2010.h */ = {isa = PBXFileReference; fileEncoding = 4; lastKnownFileType = sourcecode.c.h; path = HappyNewYear2010.h; sourceTree = "<group>"; };
		93FB278510EBF2890015569E /* HappyNewYear2010.cpp */ = {isa = PBXFileReference; fileEncoding = 4; lastKnownFileType = sourcecode.cpp.cpp; path = HappyNewYear2010.cpp; sourceTree = "<group>"; };
		93FB279510EBF30C0015569E /* HappyNewYear2010Scene.glsl */ = {isa = PBXFileReference; fileEncoding = 4; lastKnownFileType = text; path = HappyNewYear2010Scene.glsl; sourceTree = "<group>"; xcLanguageSpecificationIdentifier = xcode.lang.glsl; };
		93FB279610EBF31E0015569E /* HappyNewYear2010Reflection.glsl */ = {isa = PBXFileReference; fileEncoding = 4; lastKnownFileType = text; path = HappyNewYear2010Reflection.glsl; sourceTree = "<group>"; xcLanguageSpecificationIdentifier = xcode.lang.glsl; };
		93FB285510EBFEAE0015569E /* Plane.h */ = {isa = PBXFileReference; fileEncoding = 4; lastKnownFileType = sourcecode.c.h; path = Plane.h; sourceTree = "<group>"; };
		93FB285610EBFEAE0015569E /* Plane.cpp */ = {isa = PBXFileReference; fileEncoding = 4; lastKnownFileType = sourcecode.cpp.cpp; path = Plane.cpp; sourceTree = "<group>"; };
		93FB29A610EC18090015569E /* Cube.h */ = {isa = PBXFileReference; fileEncoding = 4; lastKnownFileType = sourcecode.c.h; path = Cube.h; sourceTree = "<group>"; };
		93FB29A710EC18090015569E /* Cube.cpp */ = {isa = PBXFileReference; fileEncoding = 4; lastKnownFileType = sourcecode.cpp.cpp; path = Cube.cpp; sourceTree = "<group>"; };
		93FB2B3A10ECA0E10015569E /* HappyNewYear2010Bg.glsl */ = {isa = PBXFileReference; fileEncoding = 4; lastKnownFileType = text; path = HappyNewYear2010Bg.glsl; sourceTree = "<group>"; xcLanguageSpecificationIdentifier = xcode.lang.glsl; };
		93FB2C1210EE79F40015569E /* numsky_negx.png */ = {isa = PBXFileReference; lastKnownFileType = image.png; path = numsky_negx.png; sourceTree = "<group>"; };
		93FB2C1310EE79F40015569E /* numsky_negy.png */ = {isa = PBXFileReference; lastKnownFileType = image.png; path = numsky_negy.png; sourceTree = "<group>"; };
		93FB2C1410EE79F40015569E /* numsky_negz.png */ = {isa = PBXFileReference; lastKnownFileType = image.png; path = numsky_negz.png; sourceTree = "<group>"; };
		93FB2C1510EE79F40015569E /* numsky_posx.png */ = {isa = PBXFileReference; lastKnownFileType = image.png; path = numsky_posx.png; sourceTree = "<group>"; };
		93FB2C1610EE79F40015569E /* numsky_posy.png */ = {isa = PBXFileReference; lastKnownFileType = image.png; path = numsky_posy.png; sourceTree = "<group>"; };
		93FB2C1710EE79F40015569E /* numsky_posz.png */ = {isa = PBXFileReference; lastKnownFileType = image.png; path = numsky_posz.png; sourceTree = "<group>"; };
		93FB2C1810EE79F40015569E /* sky_negx.png */ = {isa = PBXFileReference; lastKnownFileType = image.png; path = sky_negx.png; sourceTree = "<group>"; };
		93FB2C1910EE79F40015569E /* sky_negy.png */ = {isa = PBXFileReference; lastKnownFileType = image.png; path = sky_negy.png; sourceTree = "<group>"; };
		93FB2C1A10EE79F50015569E /* sky_negz.png */ = {isa = PBXFileReference; lastKnownFileType = image.png; path = sky_negz.png; sourceTree = "<group>"; };
		93FB2C1B10EE79F50015569E /* sky_posx.png */ = {isa = PBXFileReference; lastKnownFileType = image.png; path = sky_posx.png; sourceTree = "<group>"; };
		93FB2C1C10EE79F50015569E /* sky_posy.png */ = {isa = PBXFileReference; lastKnownFileType = image.png; path = sky_posy.png; sourceTree = "<group>"; };
		93FB2C1D10EE79F50015569E /* sky_posz.png */ = {isa = PBXFileReference; lastKnownFileType = image.png; path = sky_posz.png; sourceTree = "<group>"; };
		93FB2D7C10EEB3520015569E /* overlay.png */ = {isa = PBXFileReference; lastKnownFileType = image.png; path = overlay.png; sourceTree = "<group>"; };
		93FB2D7E10EEB3900015569E /* FullScreenQuad.h */ = {isa = PBXFileReference; fileEncoding = 4; lastKnownFileType = sourcecode.c.h; path = FullScreenQuad.h; sourceTree = "<group>"; };
		93FB2D7F10EEB3900015569E /* FullScreenQuad.cpp */ = {isa = PBXFileReference; fileEncoding = 4; lastKnownFileType = sourcecode.cpp.cpp; path = FullScreenQuad.cpp; sourceTree = "<group>"; };
		93FB2D8310EEB6470015569E /* FullScreenQuad.glsl */ = {isa = PBXFileReference; fileEncoding = 4; lastKnownFileType = text; path = FullScreenQuad.glsl; sourceTree = "<group>"; xcLanguageSpecificationIdentifier = xcode.lang.glsl; };
/* End PBXFileReference section */

/* Begin PBXFrameworksBuildPhase section */
		1D60588F0D05DD3D006BFB54 /* Frameworks */ = {
			isa = PBXFrameworksBuildPhase;
			buildActionMask = 2147483647;
			files = (
				1D60589F0D05DD5A006BFB54 /* Foundation.framework in Frameworks */,
				1DF5F4E00D08C38300B7A737 /* UIKit.framework in Frameworks */,
				288765FD0DF74451002DB57D /* CoreGraphics.framework in Frameworks */,
				93F15AF710E140F900DC5171 /* OpenGLES.framework in Frameworks */,
				93F15AFC10E1410800DC5171 /* QuartzCore.framework in Frameworks */,
			);
			runOnlyForDeploymentPostprocessing = 0;
		};
/* End PBXFrameworksBuildPhase section */

/* Begin PBXGroup section */
		080E96DDFE201D6D7F000001 /* Classes */ = {
			isa = PBXGroup;
			children = (
				93F1581510E138B400DC5171 /* GLView.h */,
				93F1581610E138B400DC5171 /* GLView.mm */,
				93F1581710E138B400DC5171 /* GLViewController.h */,
				93F1581810E138B400DC5171 /* GLViewController.m */,
				1D3623240D0F684500981E51 /* DirectMemoryAccessAppDelegate.h */,
				1D3623250D0F684500981E51 /* DirectMemoryAccessAppDelegate.m */,
			);
			path = Classes;
			sourceTree = "<group>";
		};
		19C28FACFE9D520D11CA2CBB /* Products */ = {
			isa = PBXGroup;
			children = (
				1D6058910D05DD3D006BFB54 /* DirectMemoryAccess.app */,
			);
			name = Products;
			sourceTree = "<group>";
		};
		29B97314FDCFA39411CA2CEA /* CustomTemplate */ = {
			isa = PBXGroup;
			children = (
				93707BE410E8136800A003B0 /* copy */,
				93F1594010E13DFA00DC5171 /* mowa */,
				93F1581C10E138C300DC5171 /* Demo */,
				93F1582410E138C300DC5171 /* Res */,
				080E96DDFE201D6D7F000001 /* Classes */,
				29B97315FDCFA39411CA2CEA /* Other Sources */,
				29B97317FDCFA39411CA2CEA /* Resources */,
				29B97323FDCFA39411CA2CEA /* Frameworks */,
				19C28FACFE9D520D11CA2CBB /* Products */,
				93F15AFB10E1410800DC5171 /* QuartzCore.framework */,
			);
			name = CustomTemplate;
			sourceTree = "<group>";
		};
		29B97315FDCFA39411CA2CEA /* Other Sources */ = {
			isa = PBXGroup;
			children = (
				32CA4F630368D1EE00C91783 /* DirectMemoryAccess_Prefix.pch */,
				29B97316FDCFA39411CA2CEA /* main.m */,
			);
			name = "Other Sources";
			sourceTree = "<group>";
		};
		29B97317FDCFA39411CA2CEA /* Resources */ = {
			isa = PBXGroup;
			children = (
				28AD733E0D9D9553002E5188 /* MainWindow.xib */,
				8D1107310486CEB800E47090 /* DirectMemoryAccess-Info.plist */,
			);
			name = Resources;
			sourceTree = "<group>";
		};
		29B97323FDCFA39411CA2CEA /* Frameworks */ = {
			isa = PBXGroup;
			children = (
				1DF5F4DF0D08C38300B7A737 /* UIKit.framework */,
				1D30AB110D05D00D00671497 /* Foundation.framework */,
				288765FC0DF74451002DB57D /* CoreGraphics.framework */,
				93F15AF610E140F900DC5171 /* OpenGLES.framework */,
			);
			name = Frameworks;
			sourceTree = "<group>";
		};
		9370896210E818CA00A003B0 /* cubemaps */ = {
			isa = PBXGroup;
			children = (
				93FB2C1210EE79F40015569E /* numsky_negx.png */,
				93FB2C1310EE79F40015569E /* numsky_negy.png */,
				93FB2C1410EE79F40015569E /* numsky_negz.png */,
				93FB2C1510EE79F40015569E /* numsky_posx.png */,
				93FB2C1610EE79F40015569E /* numsky_posy.png */,
				93FB2C1710EE79F40015569E /* numsky_posz.png */,
				93FB2C1810EE79F40015569E /* sky_negx.png */,
				93FB2C1910EE79F40015569E /* sky_negy.png */,
				93FB2C1A10EE79F50015569E /* sky_negz.png */,
				93FB2C1B10EE79F50015569E /* sky_posx.png */,
				93FB2C1C10EE79F50015569E /* sky_posy.png */,
				93FB2C1D10EE79F50015569E /* sky_posz.png */,
				93708CCD10E8545000A003B0 /* browar_negx.jpg */,
				93708CCE10E8545000A003B0 /* browar_negy.jpg */,
				93708CCF10E8545000A003B0 /* browar_negz.jpg */,
				93708CD010E8545000A003B0 /* browar_posx.jpg */,
				93708CD110E8545000A003B0 /* browar_posy.jpg */,
				93708CD210E8545000A003B0 /* browar_posz.jpg */,
			);
			path = cubemaps;
			sourceTree = "<group>";
		};
		93B0913010E4D392002FF7E9 /* img */ = {
			isa = PBXGroup;
			children = (
				93FB2D7C10EEB3520015569E /* overlay.png */,
				9370896210E818CA00A003B0 /* cubemaps */,
				9335DCDA10E6C575003F54B1 /* rainbow.png */,
				9335DCBB10E6C463003F54B1 /* rainbow.jpg */,
				9335DC9310E6C2C4003F54B1 /* metal128.jpg */,
				9335DC3D10E6C03C003F54B1 /* metal.jpg */,
				9335D8AA10E51BB9003F54B1 /* stripes3.png */,
				9335D8A110E51AF8003F54B1 /* stripes2.png */,
				9335D80A10E513F1003F54B1 /* stripes.png */,
				9335D7E310E512A1003F54B1 /* cross.png */,
				9335D7E410E512A1003F54B1 /* plazma.png */,
				9335D7E510E512A1003F54B1 /* rabbit.png */,
				93B0913110E4D392002FF7E9 /* clouds_mirror.png */,
				9335ED6E10E7FB6D003F54B1 /* ExampleTexturingSEMLightProbeWarm.png */,
				9335ED6F10E7FB6D003F54B1 /* ExampleTexturingSEMLightProbeCold.png */,
				9335DD9110E6CAFF003F54B1 /* ExampleTexturingSEMMetal.jpg */,
				9335DC2410E6BDFB003F54B1 /* ExampleTexturingSEMSpecularMap.jpg */,
				9335D9C310E5294F003F54B1 /* ExampleTexturingSEMRoom.jpg */,
			);
			path = img;
			sourceTree = "<group>";
		};
		93F1581C10E138C300DC5171 /* Demo */ = {
			isa = PBXGroup;
			children = (
				93F1581E10E138C300DC5171 /* DirectMemoryAccess.h */,
				93F1581D10E138C300DC5171 /* DirectMemoryAccess.cpp */,
				93F1582010E138C300DC5171 /* DistortedSphere.h */,
				93F1581F10E138C300DC5171 /* DistortedSphere.cpp */,
				93F1582110E138C300DC5171 /* Effect.h */,
				93F1582210E138C300DC5171 /* GLApp.cpp */,
				93F1582310E138C300DC5171 /* GLApp.h */,
				93E5930310E27F5F0096F258 /* RaytracedTunnel.h */,
				93E5930410E27F5F0096F258 /* RaytracedTunnel.cpp */,
				93B08FD110E4CF08002FF7E9 /* LutDistort.h */,
				93B08FD210E4CF08002FF7E9 /* LutDistort.cpp */,
				93FB278410EBF2890015569E /* HappyNewYear2010.h */,
				93FB278510EBF2890015569E /* HappyNewYear2010.cpp */,
				9335D9E910E537B0003F54B1 /* ExampleTexturing.h */,
				9335D9EA10E537B0003F54B1 /* ExampleTexturing.cpp */,
				93FB259810EBA8920015569E /* ExampleRenderToCubeMap.h */,
				93FB259910EBA8920015569E /* ExampleRenderToCubeMap.cpp */,
				93BF4DF410F0B48800807231 /* ExampleProjectiveTexturing.h */,
				93BF4DF510F0B48800807231 /* ExampleProjectiveTexturing.cpp */,
				93BF4DF910F0B68600807231 /* EmptyExample.h */,
				93BF4DFA10F0B68600807231 /* EmptyExample.cpp */,
				93BF4E0E10F0B8AC00807231 /* ExampleLighting.h */,
				93BF4E0F10F0B8AC00807231 /* ExampleLighting.cpp */,
				93D11AC910FE7083004308AA /* Adalaj.h */,
				93D11ACA10FE7083004308AA /* Adalaj.cpp */,
			);
			path = Demo;
			sourceTree = "<group>";
		};
		93F1582410E138C300DC5171 /* Res */ = {
			isa = PBXGroup;
			children = (
				93B0913010E4D392002FF7E9 /* img */,
				93F1582510E138C300DC5171 /* shaders */,
			);
			path = Res;
			sourceTree = "<group>";
		};
		93F1582510E138C300DC5171 /* shaders */ = {
			isa = PBXGroup;
			children = (
				93F1582610E138C300DC5171 /* basic.glsl */,
				93F1582710E138C300DC5171 /* basicTexture.glsl */,
				93F1582810E138C300DC5171 /* basicTransform.glsl */,
				9310566410E4CDF400CA29D7 /* lutDistort.glsl */,
				93E5930610E2819D0096F258 /* raytracedTunnel.glsl */,
				9335DA8510E53CA2003F54B1 /* ExampleTexturingBasic.glsl */,
				9335DA8F10E53D89003F54B1 /* ExampleTexturingSEM.glsl */,
				937089B710E81BDC00A003B0 /* ExampleTexturingCubeMapping.glsl */,
				93FB261B10EBD61E0015569E /* ExampleRenderToCubeMapScene.glsl */,
				93FB264510EBD8B50015569E /* ExampleRenderToCubeMapReflection.glsl */,
				93BF4E1910F0C1AF00807231 /* ExampleLightingPointLight.glsl */,
				93FB279510EBF30C0015569E /* HappyNewYear2010Scene.glsl */,
				93FB279610EBF31E0015569E /* HappyNewYear2010Reflection.glsl */,
				93FB2B3A10ECA0E10015569E /* HappyNewYear2010Bg.glsl */,
				93FB2D8310EEB6470015569E /* FullScreenQuad.glsl */,
				93BF4E6110F0C7EB00807231 /* ExampleLightingSolidColor.glsl */,
				93BF4F2F10F0DAC900807231 /* ExampleLightingPointLight2.glsl */,
				93BF505010F0E84600807231 /* ExampleLighingPointLightEyeSpace.glsl */,
				93D11ACC10FE7728004308AA /* AdalajStone.glsl */,
			);
			path = shaders;
			sourceTree = "<group>";
		};
		93F1594010E13DFA00DC5171 /* mowa */ = {
			isa = PBXGroup;
			children = (
				93F1594110E13DFA00DC5171 /* geom */,
				93F1594510E13DFA00DC5171 /* graphics */,
				93F1594E10E13DFA00DC5171 /* math */,
				93F1596B10E13DFA00DC5171 /* os */,
				93F1596E10E13DFA00DC5171 /* utils */,
			);
			name = mowa;
			path = ../../mowa;
			sourceTree = SOURCE_ROOT;
		};
		93F1594110E13DFA00DC5171 /* geom */ = {
			isa = PBXGroup;
			children = (
				93F1594210E13DFA00DC5171 /* Geometry.h */,
				93BF4EC610F0D38E00807231 /* Geometry.cpp */,
				93F1594410E13DFA00DC5171 /* Sphere.h */,
				93F1594310E13DFA00DC5171 /* Sphere.cpp */,
				9335E9F710E6D0B2003F54B1 /* Torus.h */,
				9335E9F810E6D0B2003F54B1 /* Torus.cpp */,
				93FB285510EBFEAE0015569E /* Plane.h */,
				93FB285610EBFEAE0015569E /* Plane.cpp */,
				93FB29A610EC18090015569E /* Cube.h */,
				93FB29A710EC18090015569E /* Cube.cpp */,
				93FB2D7E10EEB3900015569E /* FullScreenQuad.h */,
				93FB2D7F10EEB3900015569E /* FullScreenQuad.cpp */,
			);
			path = geom;
			sourceTree = "<group>";
		};
		93F1594510E13DFA00DC5171 /* graphics */ = {
			isa = PBXGroup;
			children = (
				93F1594610E13DFA00DC5171 /* DataType.h */,
				93F1594710E13DFA00DC5171 /* Graphics.h */,
				93F1594910E13DFA00DC5171 /* Shader.h */,
				93F1594810E13DFA00DC5171 /* Shader.cpp */,
				93F1594A10E13DFA00DC5171 /* Texture2D.cpp */,
				93F1594B10E13DFA00DC5171 /* Texture2D.h */,
				93F1594C10E13DFA00DC5171 /* VertexStream.cpp */,
				93F1594D10E13DFA00DC5171 /* VertexStream.h */,
				9370896F10E8190200A003B0 /* Texture.h */,
				9370899C10E819D800A003B0 /* TextureCube.h */,
				9370899D10E819D800A003B0 /* TextureCube.cpp */,
			);
			path = graphics;
			sourceTree = "<group>";
		};
		93F1594E10E13DFA00DC5171 /* math */ = {
			isa = PBXGroup;
			children = (
				93F1594F10E13DFA00DC5171 /* Dimensions.h */,
				93F1595010E13DFA00DC5171 /* Mat.cpp */,
				93F1595110E13DFA00DC5171 /* Mat.h */,
				93F1595210E13DFA00DC5171 /* MathLib.h */,
				93F1595310E13DFA00DC5171 /* MathUtils.cpp */,
				93F1595410E13DFA00DC5171 /* MathUtils.h */,
				93F1595510E13DFA00DC5171 /* Vec.cpp */,
				93F1595610E13DFA00DC5171 /* Vec.h */,
			);
			path = math;
			sourceTree = "<group>";
		};
		93F1596B10E13DFA00DC5171 /* os */ = {
			isa = PBXGroup;
			children = (
				93F1596C10E13DFA00DC5171 /* OS.h */,
				93F1596D10E13DFA00DC5171 /* Timer.h */,
			);
			path = os;
			sourceTree = "<group>";
		};
		93F1596E10E13DFA00DC5171 /* utils */ = {
			isa = PBXGroup;
			children = (
				93F1596F10E13DFA00DC5171 /* Utils.cpp */,
				93F1597010E13DFA00DC5171 /* Utils.h */,
			);
			path = utils;
			sourceTree = "<group>";
		};
/* End PBXGroup section */

/* Begin PBXNativeTarget section */
		1D6058900D05DD3D006BFB54 /* DirectMemoryAccess */ = {
			isa = PBXNativeTarget;
			buildConfigurationList = 1D6058960D05DD3E006BFB54 /* Build configuration list for PBXNativeTarget "DirectMemoryAccess" */;
			buildPhases = (
				1D60588D0D05DD3D006BFB54 /* Resources */,
				1D60588E0D05DD3D006BFB54 /* Sources */,
				1D60588F0D05DD3D006BFB54 /* Frameworks */,
			);
			buildRules = (
			);
			dependencies = (
			);
			name = DirectMemoryAccess;
			productName = DirectMemoryAccess;
			productReference = 1D6058910D05DD3D006BFB54 /* DirectMemoryAccess.app */;
			productType = "com.apple.product-type.application";
		};
/* End PBXNativeTarget section */

/* Begin PBXProject section */
		29B97313FDCFA39411CA2CEA /* Project object */ = {
			isa = PBXProject;
			buildConfigurationList = C01FCF4E08A954540054247B /* Build configuration list for PBXProject "DirectMemoryAccess" */;
			compatibilityVersion = "Xcode 3.1";
			hasScannedForEncodings = 1;
			mainGroup = 29B97314FDCFA39411CA2CEA /* CustomTemplate */;
			projectDirPath = "";
			projectRoot = "";
			targets = (
				1D6058900D05DD3D006BFB54 /* DirectMemoryAccess */,
			);
		};
/* End PBXProject section */

/* Begin PBXResourcesBuildPhase section */
		1D60588D0D05DD3D006BFB54 /* Resources */ = {
			isa = PBXResourcesBuildPhase;
			buildActionMask = 2147483647;
			files = (
				28AD733F0D9D9553002E5188 /* MainWindow.xib in Resources */,
				93B08FEA10E4CFF4002FF7E9 /* basic.glsl in Resources */,
				93B08FEB10E4CFF4002FF7E9 /* basicTexture.glsl in Resources */,
				93B08FEC10E4CFF4002FF7E9 /* basicTransform.glsl in Resources */,
				93B08FED10E4CFF4002FF7E9 /* lutDistort.glsl in Resources */,
				93B08FEE10E4CFF4002FF7E9 /* raytracedTunnel.glsl in Resources */,
				93B0913310E4D39C002FF7E9 /* clouds_mirror.png in Resources */,
				9335D7E610E512A1003F54B1 /* cross.png in Resources */,
				9335D7E710E512A1003F54B1 /* plazma.png in Resources */,
				9335D7E810E512A1003F54B1 /* rabbit.png in Resources */,
				9335D80B10E513F1003F54B1 /* stripes.png in Resources */,
				9335D8A210E51AF8003F54B1 /* stripes2.png in Resources */,
				9335D8AB10E51BB9003F54B1 /* stripes3.png in Resources */,
				9335DB2210E62A2E003F54B1 /* ExampleTexturingBasic.glsl in Resources */,
				9335DB2310E62A2E003F54B1 /* ExampleTexturingSEM.glsl in Resources */,
				9335DC3E10E6C03C003F54B1 /* metal.jpg in Resources */,
				9335DC9410E6C2C4003F54B1 /* metal128.jpg in Resources */,
				9335DCBC10E6C463003F54B1 /* rainbow.jpg in Resources */,
				9335DCDB10E6C575003F54B1 /* rainbow.png in Resources */,
				9335ED5310E7F33D003F54B1 /* ExampleTexturingSEMMetal.jpg in Resources */,
				9335ED5510E7F34F003F54B1 /* ExampleTexturingSEMRoom.jpg in Resources */,
				9335ED5610E7F36C003F54B1 /* ExampleTexturingSEMSpecularMap.jpg in Resources */,
				9335ED7010E7FB6D003F54B1 /* ExampleTexturingSEMLightProbeWarm.png in Resources */,
				9335ED7110E7FB6D003F54B1 /* ExampleTexturingSEMLightProbeCold.png in Resources */,
				937089B810E81BDC00A003B0 /* ExampleTexturingCubeMapping.glsl in Resources */,
				93708CD910E8545000A003B0 /* browar_negx.jpg in Resources */,
				93708CDA10E8545000A003B0 /* browar_negy.jpg in Resources */,
				93708CDB10E8545000A003B0 /* browar_negz.jpg in Resources */,
				93708CDC10E8545000A003B0 /* browar_posx.jpg in Resources */,
				93708CDD10E8545000A003B0 /* browar_posy.jpg in Resources */,
				93708CDE10E8545000A003B0 /* browar_posz.jpg in Resources */,
				93FB262F10EBD7800015569E /* ExampleRenderToCubeMapScene.glsl in Resources */,
				93FB264E10EBD9290015569E /* ExampleRenderToCubeMapReflection.glsl in Resources */,
				93FB279910EBF3310015569E /* HappyNewYear2010Scene.glsl in Resources */,
				93FB279A10EBF3310015569E /* HappyNewYear2010Reflection.glsl in Resources */,
				93FB2B3B10ECA0EB0015569E /* HappyNewYear2010Bg.glsl in Resources */,
				93FB2C1E10EE79F50015569E /* numsky_negx.png in Resources */,
				93FB2C1F10EE79F50015569E /* numsky_negy.png in Resources */,
				93FB2C2010EE79F50015569E /* numsky_negz.png in Resources */,
				93FB2C2110EE79F50015569E /* numsky_posx.png in Resources */,
				93FB2C2210EE79F50015569E /* numsky_posy.png in Resources */,
				93FB2C2310EE79F50015569E /* numsky_posz.png in Resources */,
				93FB2C2410EE79F50015569E /* sky_negx.png in Resources */,
				93FB2C2510EE79F50015569E /* sky_negy.png in Resources */,
				93FB2C2610EE79F50015569E /* sky_negz.png in Resources */,
				93FB2C2710EE79F50015569E /* sky_posx.png in Resources */,
				93FB2C2810EE79F50015569E /* sky_posy.png in Resources */,
				93FB2C2910EE79F50015569E /* sky_posz.png in Resources */,
				93FB2D7D10EEB3530015569E /* overlay.png in Resources */,
				93FB2D9310EEB7890015569E /* FullScreenQuad.glsl in Resources */,
				93BF4E1A10F0C1B400807231 /* ExampleLightingPointLight.glsl in Resources */,
				93BF4E6210F0C7F100807231 /* ExampleLightingSolidColor.glsl in Resources */,
				93BF4F4110F0DC3D00807231 /* ExampleLightingPointLight2.glsl in Resources */,
				93BF507D10F0EAFA00807231 /* ExampleLighingPointLightEyeSpace.glsl in Resources */,
				93D11AFC10FE78BC004308AA /* AdalajStone.glsl in Resources */,
			);
			runOnlyForDeploymentPostprocessing = 0;
		};
/* End PBXResourcesBuildPhase section */

/* Begin PBXSourcesBuildPhase section */
		1D60588E0D05DD3D006BFB54 /* Sources */ = {
			isa = PBXSourcesBuildPhase;
			buildActionMask = 2147483647;
			files = (
				1D60589B0D05DD56006BFB54 /* main.m in Sources */,
				1D3623260D0F684500981E51 /* DirectMemoryAccessAppDelegate.m in Sources */,
				93F1581A10E138B400DC5171 /* GLView.mm in Sources */,
				93F1581B10E138B400DC5171 /* GLViewController.m in Sources */,
				93F1582910E138C300DC5171 /* DirectMemoryAccess.cpp in Sources */,
				93F1582A10E138C300DC5171 /* DistortedSphere.cpp in Sources */,
				93F1582B10E138C300DC5171 /* GLApp.cpp in Sources */,
				93F1597110E13DFA00DC5171 /* Sphere.cpp in Sources */,
				93F1597210E13DFA00DC5171 /* Shader.cpp in Sources */,
				93F1597310E13DFA00DC5171 /* Texture2D.cpp in Sources */,
				93F1597410E13DFA00DC5171 /* VertexStream.cpp in Sources */,
				93F1597510E13DFA00DC5171 /* Mat.cpp in Sources */,
				93F1597610E13DFA00DC5171 /* MathUtils.cpp in Sources */,
				93F1597710E13DFA00DC5171 /* Vec.cpp in Sources */,
				93F1597F10E13DFA00DC5171 /* Utils.cpp in Sources */,
				93E5930510E27F5F0096F258 /* RaytracedTunnel.cpp in Sources */,
				93B08FD310E4CF08002FF7E9 /* LutDistort.cpp in Sources */,
				9335D9EB10E537B0003F54B1 /* ExampleTexturing.cpp in Sources */,
				9335E9F910E6D0B2003F54B1 /* Torus.cpp in Sources */,
				9370899E10E819D800A003B0 /* TextureCube.cpp in Sources */,
				93FB259A10EBA8920015569E /* ExampleRenderToCubeMap.cpp in Sources */,
				93FB278610EBF2890015569E /* HappyNewYear2010.cpp in Sources */,
				93FB285710EBFEAE0015569E /* Plane.cpp in Sources */,
				93FB29A810EC18090015569E /* Cube.cpp in Sources */,
				93FB2D8010EEB3900015569E /* FullScreenQuad.cpp in Sources */,
				93BF4DF610F0B48800807231 /* ExampleProjectiveTexturing.cpp in Sources */,
				93BF4DFB10F0B68600807231 /* EmptyExample.cpp in Sources */,
				93BF4E1010F0B8AC00807231 /* ExampleLighting.cpp in Sources */,
				93BF4EC710F0D38F00807231 /* Geometry.cpp in Sources */,
				93D11ACB10FE7083004308AA /* Adalaj.cpp in Sources */,
			);
			runOnlyForDeploymentPostprocessing = 0;
		};
/* End PBXSourcesBuildPhase section */

/* Begin XCBuildConfiguration section */
		1D6058940D05DD3E006BFB54 /* Debug */ = {
			isa = XCBuildConfiguration;
			buildSettings = {
				ALWAYS_SEARCH_USER_PATHS = YES;
				COPY_PHASE_STRIP = NO;
				GCC_DYNAMIC_NO_PIC = NO;
				GCC_OPTIMIZATION_LEVEL = 0;
				GCC_PRECOMPILE_PREFIX_HEADER = YES;
				GCC_PREFIX_HEADER = DirectMemoryAccess_Prefix.pch;
				GCC_USE_STANDARD_INCLUDE_SEARCHING = YES;
				INFOPLIST_FILE = "DirectMemoryAccess-Info.plist";
				PRODUCT_NAME = DirectMemoryAccess;
			};
			name = Debug;
		};
		1D6058950D05DD3E006BFB54 /* Release */ = {
			isa = XCBuildConfiguration;
			buildSettings = {
				ALWAYS_SEARCH_USER_PATHS = YES;
				COPY_PHASE_STRIP = YES;
				GCC_PRECOMPILE_PREFIX_HEADER = YES;
				GCC_PREFIX_HEADER = DirectMemoryAccess_Prefix.pch;
				GCC_USE_STANDARD_INCLUDE_SEARCHING = YES;
				INFOPLIST_FILE = "DirectMemoryAccess-Info.plist";
				PRODUCT_NAME = DirectMemoryAccess;
			};
			name = Release;
		};
		C01FCF4F08A954540054247B /* Debug */ = {
			isa = XCBuildConfiguration;
			buildSettings = {
				ARCHS = "$(ARCHS_STANDARD_32_BIT)";
				"CODE_SIGN_IDENTITY[sdk=iphoneos*]" = "iPhone Developer";
				GCC_C_LANGUAGE_STANDARD = c99;
				GCC_WARN_ABOUT_RETURN_TYPE = YES;
				GCC_WARN_UNUSED_VARIABLE = YES;
				HEADER_SEARCH_PATHS = "";
				PREBINDING = NO;
				SDKROOT = iphoneos3.1.2;
			};
			name = Debug;
		};
		C01FCF5008A954540054247B /* Release */ = {
			isa = XCBuildConfiguration;
			buildSettings = {
				ARCHS = "$(ARCHS_STANDARD_32_BIT)";
				"CODE_SIGN_IDENTITY[sdk=iphoneos*]" = "iPhone Developer";
				GCC_C_LANGUAGE_STANDARD = c99;
				GCC_WARN_ABOUT_RETURN_TYPE = YES;
				GCC_WARN_UNUSED_VARIABLE = YES;
				HEADER_SEARCH_PATHS = "";
				PREBINDING = NO;
				SDKROOT = iphoneos3.1.2;
			};
			name = Release;
		};
/* End XCBuildConfiguration section */

/* Begin XCConfigurationList section */
		1D6058960D05DD3E006BFB54 /* Build configuration list for PBXNativeTarget "DirectMemoryAccess" */ = {
			isa = XCConfigurationList;
			buildConfigurations = (
				1D6058940D05DD3E006BFB54 /* Debug */,
				1D6058950D05DD3E006BFB54 /* Release */,
			);
			defaultConfigurationIsVisible = 0;
			defaultConfigurationName = Release;
		};
		C01FCF4E08A954540054247B /* Build configuration list for PBXProject "DirectMemoryAccess" */ = {
			isa = XCConfigurationList;
			buildConfigurations = (
				C01FCF4F08A954540054247B /* Debug */,
				C01FCF5008A954540054247B /* Release */,
			);
			defaultConfigurationIsVisible = 0;
			defaultConfigurationName = Release;
		};
/* End XCConfigurationList section */
	};
	rootObject = 29B97313FDCFA39411CA2CEA /* Project object */;
}
